
Microsoft Visual Studio Solution File, Format Version 12.00
# Visual Studio Version 17
VisualStudioVersion = 17.11.35222.181
MinimumVisualStudioVersion = 10.0.40219.1
Project("{FAE04EC0-301F-11D3-BF4B-00C04F79EFBC}") = "LR10_2", "LR10_2\LR10_2.csproj", "{11291F81-8C84-4B37-8AAB-491AD912459B}"
EndProject
Global
	GlobalSection(SolutionConfigurationPlatforms) = preSolution
		Debug|Any CPU = Debug|Any CPU
		Release|Any CPU = Release|Any CPU
	EndGlobalSection
	GlobalSection(ProjectConfigurationPlatforms) = postSolution
		{11291F81-8C84-4B37-8AAB-491AD912459B}.Debug|Any CPU.ActiveCfg = Debug|Any CPU
		{11291F81-8C84-4B37-8AAB-491AD912459B}.Debug|Any CPU.Build.0 = Debug|Any CPU
		{11291F81-8C84-4B37-8AAB-491AD912459B}.Release|Any CPU.ActiveCfg = Release|Any CPU
		{11291F81-8C84-4B37-8AAB-491AD912459B}.Release|Any CPU.Build.0 = Release|Any CPU
	EndGlobalSection
	GlobalSection(SolutionProperties) = preSolution
		HideSolutionNode = FALSE
	EndGlobalSection
	GlobalSection(ExtensibilityGlobals) = postSolution
		SolutionGuid = {6ECE9A51-A002-4A07-A1CA-538D6CC9E676}
	EndGlobalSection
EndGlobal
